<?xml version="1.0" encoding="utf-8"?>
<Project ToolsVersion="4.0" xmlns="http://schemas.microsoft.com/developer/msbuild/2003">
  <ItemGroup>
    <Filter Include="源文件">
      <UniqueIdentifier>{4FC737F1-C7A5-4376-A066-2A32D752A2FF}</UniqueIdentifier>
      <Extensions>cpp;c;cc;cxx;def;odl;idl;hpj;bat;asm;asmx</Extensions>
    </Filter>
    <Filter Include="头文件">
      <UniqueIdentifier>{93995380-89BD-4b04-88EB-625FBE52EBFB}</UniqueIdentifier>
      <Extensions>h;hh;hpp;hxx;hm;inl;inc;ipp;xsd</Extensions>
    </Filter>
    <Filter Include="资源文件">
      <UniqueIdentifier>{67DA6AB6-F800-4c08-8B7A-83BB121AAD01}</UniqueIdentifier>
      <Extensions>rc;ico;cur;bmp;dlg;rc2;rct;bin;rgs;gif;jpg;jpeg;jpe;resx;tiff;tif;png;wav;mfcribbon-ms</Extensions>
    </Filter>
    <Filter Include="SimpleBLE">
      <UniqueIdentifier>{e2c21870-5901-4dda-ae6f-44db62486e22}</UniqueIdentifier>
    </Filter>
    <Filter Include="fmt">
      <UniqueIdentifier>{af0a5605-0464-422c-93b5-e68948c43f22}</UniqueIdentifier>
    </Filter>
  </ItemGroup>
  <ItemGroup>
    <ClCompile Include="main.cpp">
      <Filter>源文件</Filter>
    </ClCompile>
    <ClCompile Include="glad.c">
      <Filter>头文件</Filter>
    </ClCompile>
    <ClCompile Include="Library\simpleble\src\Exceptions.cpp">
      <Filter>SimpleBLE</Filter>
    </ClCompile>
    <ClCompile Include="Library\simpleble\src\Logging.cpp">
      <Filter>SimpleBLE</Filter>
    </ClCompile>
    <ClCompile Include="Library\simpleble\src\Utils.cpp">
      <Filter>SimpleBLE</Filter>
    </ClCompile>
    <ClCompile Include="Library\simpleble\src\frontends\base\Adapter.cpp">
      <Filter>SimpleBLE</Filter>
    </ClCompile>
    <ClCompile Include="Library\simpleble\src\frontends\base\Characteristic.cpp">
      <Filter>SimpleBLE</Filter>
    </ClCompile>
    <ClCompile Include="Library\simpleble\src\frontends\base\Descriptor.cpp">
      <Filter>SimpleBLE</Filter>
    </ClCompile>
    <ClCompile Include="Library\simpleble\src\frontends\base\Peripheral.cpp">
      <Filter>SimpleBLE</Filter>
    </ClCompile>
    <ClCompile Include="Library\simpleble\src\frontends\base\Service.cpp">
      <Filter>SimpleBLE</Filter>
    </ClCompile>
    <ClCompile Include="Library\simpleble\src\frontends\safe\AdapterSafe.cpp">
      <Filter>SimpleBLE</Filter>
    </ClCompile>
    <ClCompile Include="Library\simpleble\src\frontends\safe\PeripheralSafe.cpp">
      <Filter>SimpleBLE</Filter>
    </ClCompile>
    <ClCompile Include="Library\simpleble\src\backends\windows\AdapterBase.cpp">
      <Filter>SimpleBLE</Filter>
    </ClCompile>
    <ClCompile Include="Library\simpleble\src\backends\windows\PeripheralBase.cpp">
      <Filter>SimpleBLE</Filter>
    </ClCompile>
    <ClCompile Include="Library\simpleble\src\backends\windows\Utils.cpp">
      <Filter>SimpleBLE</Filter>
    </ClCompile>
    <ClCompile Include="Library\fmt\src\format.cc">
      <Filter>fmt</Filter>
    </ClCompile>
    <ClCompile Include="Library\fmt\src\os.cc">
      <Filter>fmt</Filter>
    </ClCompile>
    <ClCompile Include="XdsMonitor.cpp">
      <Filter>源文件</Filter>
    </ClCompile>
    <ClCompile Include="Library\simpleble\src\builders\AdapterBuilder.cpp">
      <Filter>源文件</Filter>
    </ClCompile>
    <ClCompile Include="Library\simpleble\src\builders\CharacteristicBuilder.cpp">
      <Filter>源文件</Filter>
    </ClCompile>
    <ClCompile Include="Library\simpleble\src\builders\DescriptorBuilder.cpp">
      <Filter>源文件</Filter>
    </ClCompile>
    <ClCompile Include="Library\simpleble\src\builders\PeripheralBuilder.cpp">
      <Filter>源文件</Filter>
    </ClCompile>
    <ClCompile Include="Library\simpleble\src\builders\ServiceBuilder.cpp">
      <Filter>源文件</Filter>
    </ClCompile>
    <ClCompile Include="Library\simpleble\src\backends\common\CharacteristicBase.cpp">
      <Filter>源文件</Filter>
    </ClCompile>
    <ClCompile Include="Library\simpleble\src\backends\common\DescriptorBase.cpp">
      <Filter>源文件</Filter>
    </ClCompile>
    <ClCompile Include="Library\simpleble\src\backends\common\ServiceBase.cpp">
      <Filter>源文件</Filter>
    </ClCompile>
  </ItemGroup>
  <ItemGroup>
    <ClInclude Include="XdsMonitor.h">
      <Filter>头文件</Filter>
    </ClInclude>
    <ClInclude Include="PanoRenderer.h">
      <Filter>源文件</Filter>
    </ClInclude>
    <ClInclude Include="PanoWindow.h">
      <Filter>源文件</Filter>
    </ClInclude>
    <ClInclude Include="VideoPlayer.h">
      <Filter>源文件</Filter>
    </ClInclude>
    <ClInclude Include="HUD.h">
      <Filter>头文件</Filter>
    </ClInclude>
  </ItemGroup>
</Project>